// !$*UTF8*$!
{
	archiveVersion = 1;
	classes = {
	};
	objectVersion = 46;
	objects = {

/* Begin PBXBuildFile section */
		EAA8519D1CD6A14E00A44500 /* main.m in Sources */ = {isa = PBXBuildFile; fileRef = EAA8519C1CD6A14E00A44500 /* main.m */; };
		EAA851A01CD6A14E00A44500 /* AppDelegate.m in Sources */ = {isa = PBXBuildFile; fileRef = EAA8519F1CD6A14E00A44500 /* AppDelegate.m */; };
		EAA851A31CD6A14E00A44500 /* ViewController.m in Sources */ = {isa = PBXBuildFile; fileRef = EAA851A21CD6A14E00A44500 /* ViewController.m */; };
		EAA851A61CD6A14E00A44500 /* Main.storyboard in Resources */ = {isa = PBXBuildFile; fileRef = EAA851A41CD6A14E00A44500 /* Main.storyboard */; };
		EAA851A81CD6A14E00A44500 /* Assets.xcassets in Resources */ = {isa = PBXBuildFile; fileRef = EAA851A71CD6A14E00A44500 /* Assets.xcassets */; };
		EAA851C01CD6A1D700A44500 /* SMBDriver.m in Sources */ = {isa = PBXBuildFile; fileRef = EAA851BF1CD6A1D700A44500 /* SMBDriver.m */; };
		EAA851D11CD6B1B700A44500 /* libiconv.tbd in Frameworks */ = {isa = PBXBuildFile; fileRef = EAA851D01CD6B1B700A44500 /* libiconv.tbd */; };
		EAA851D71CD6B7AF00A44500 /* SwiftExample.swift in Sources */ = {isa = PBXBuildFile; fileRef = EAA851D61CD6B7AF00A44500 /* SwiftExample.swift */; };
		EAA851F31CD8201700A44500 /* libTVVLCKit.a in Frameworks */ = {isa = PBXBuildFile; fileRef = EAA851DB1CD81EB600A44500 /* libTVVLCKit.a */; };
/* End PBXBuildFile section */

/* Begin PBXFileReference section */
		EAA851981CD6A14E00A44500 /* SMBDriver.app */ = {isa = PBXFileReference; explicitFileType = wrapper.application; includeInIndex = 0; path = SMBDriver.app; sourceTree = BUILT_PRODUCTS_DIR; };
		EAA8519C1CD6A14E00A44500 /* main.m */ = {isa = PBXFileReference; lastKnownFileType = sourcecode.c.objc; path = main.m; sourceTree = "<group>"; };
		EAA8519E1CD6A14E00A44500 /* AppDelegate.h */ = {isa = PBXFileReference; lastKnownFileType = sourcecode.c.h; path = AppDelegate.h; sourceTree = "<group>"; };
		EAA8519F1CD6A14E00A44500 /* AppDelegate.m */ = {isa = PBXFileReference; lastKnownFileType = sourcecode.c.objc; path = AppDelegate.m; sourceTree = "<group>"; };
		EAA851A11CD6A14E00A44500 /* ViewController.h */ = {isa = PBXFileReference; lastKnownFileType = sourcecode.c.h; path = ViewController.h; sourceTree = "<group>"; };
		EAA851A21CD6A14E00A44500 /* ViewController.m */ = {isa = PBXFileReference; lastKnownFileType = sourcecode.c.objc; path = ViewController.m; sourceTree = "<group>"; };
		EAA851A51CD6A14E00A44500 /* Base */ = {isa = PBXFileReference; lastKnownFileType = file.storyboard; name = Base; path = Base.lproj/Main.storyboard; sourceTree = "<group>"; };
		EAA851A71CD6A14E00A44500 /* Assets.xcassets */ = {isa = PBXFileReference; lastKnownFileType = folder.assetcatalog; path = Assets.xcassets; sourceTree = "<group>"; };
		EAA851A91CD6A14E00A44500 /* Info.plist */ = {isa = PBXFileReference; lastKnownFileType = text.plist.xml; path = Info.plist; sourceTree = "<group>"; };
		EAA851B11CD6A1D700A44500 /* bdsm.h */ = {isa = PBXFileReference; fileEncoding = 4; lastKnownFileType = sourcecode.c.h; path = bdsm.h; sourceTree = "<group>"; };
		EAA851B21CD6A1D700A44500 /* netbios_defs.h */ = {isa = PBXFileReference; fileEncoding = 4; lastKnownFileType = sourcecode.c.h; path = netbios_defs.h; sourceTree = "<group>"; };
		EAA851B31CD6A1D700A44500 /* netbios_ns.h */ = {isa = PBXFileReference; fileEncoding = 4; lastKnownFileType = sourcecode.c.h; path = netbios_ns.h; sourceTree = "<group>"; };
		EAA851B41CD6A1D700A44500 /* smb_defs.h */ = {isa = PBXFileReference; fileEncoding = 4; lastKnownFileType = sourcecode.c.h; path = smb_defs.h; sourceTree = "<group>"; };
		EAA851B51CD6A1D700A44500 /* smb_dir.h */ = {isa = PBXFileReference; fileEncoding = 4; lastKnownFileType = sourcecode.c.h; path = smb_dir.h; sourceTree = "<group>"; };
		EAA851B61CD6A1D700A44500 /* smb_file.h */ = {isa = PBXFileReference; fileEncoding = 4; lastKnownFileType = sourcecode.c.h; path = smb_file.h; sourceTree = "<group>"; };
		EAA851B71CD6A1D700A44500 /* smb_session.h */ = {isa = PBXFileReference; fileEncoding = 4; lastKnownFileType = sourcecode.c.h; path = smb_session.h; sourceTree = "<group>"; };
		EAA851B81CD6A1D700A44500 /* smb_share.h */ = {isa = PBXFileReference; fileEncoding = 4; lastKnownFileType = sourcecode.c.h; path = smb_share.h; sourceTree = "<group>"; };
		EAA851B91CD6A1D700A44500 /* smb_stat.h */ = {isa = PBXFileReference; fileEncoding = 4; lastKnownFileType = sourcecode.c.h; path = smb_stat.h; sourceTree = "<group>"; };
		EAA851BA1CD6A1D700A44500 /* smb_types.h */ = {isa = PBXFileReference; fileEncoding = 4; lastKnownFileType = sourcecode.c.h; path = smb_types.h; sourceTree = "<group>"; };
		EAA851BC1CD6A1D700A44500 /* libtasn1.h */ = {isa = PBXFileReference; fileEncoding = 4; lastKnownFileType = sourcecode.c.h; path = libtasn1.h; sourceTree = "<group>"; };
		EAA851BE1CD6A1D700A44500 /* SMBDriver.h */ = {isa = PBXFileReference; fileEncoding = 4; lastKnownFileType = sourcecode.c.h; path = SMBDriver.h; sourceTree = "<group>"; };
		EAA851BF1CD6A1D700A44500 /* SMBDriver.m */ = {isa = PBXFileReference; fileEncoding = 4; lastKnownFileType = sourcecode.c.objc; path = SMBDriver.m; sourceTree = "<group>"; };
		EAA851C51CD6AEE600A44500 /* TVVLCKit.h */ = {isa = PBXFileReference; fileEncoding = 4; lastKnownFileType = sourcecode.c.h; path = TVVLCKit.h; sourceTree = "<group>"; };
		EAA851C61CD6AEE600A44500 /* VLCAudio.h */ = {isa = PBXFileReference; fileEncoding = 4; lastKnownFileType = sourcecode.c.h; path = VLCAudio.h; sourceTree = "<group>"; };
		EAA851C71CD6AEE600A44500 /* VLCDialogProvider.h */ = {isa = PBXFileReference; fileEncoding = 4; lastKnownFileType = sourcecode.c.h; path = VLCDialogProvider.h; sourceTree = "<group>"; };
		EAA851C81CD6AEE600A44500 /* VLCLibrary.h */ = {isa = PBXFileReference; fileEncoding = 4; lastKnownFileType = sourcecode.c.h; path = VLCLibrary.h; sourceTree = "<group>"; };
		EAA851C91CD6AEE600A44500 /* VLCMedia.h */ = {isa = PBXFileReference; fileEncoding = 4; lastKnownFileType = sourcecode.c.h; path = VLCMedia.h; sourceTree = "<group>"; };
		EAA851CA1CD6AEE600A44500 /* VLCMediaDiscoverer.h */ = {isa = PBXFileReference; fileEncoding = 4; lastKnownFileType = sourcecode.c.h; path = VLCMediaDiscoverer.h; sourceTree = "<group>"; };
		EAA851CB1CD6AEE600A44500 /* VLCMediaList.h */ = {isa = PBXFileReference; fileEncoding = 4; lastKnownFileType = sourcecode.c.h; path = VLCMediaList.h; sourceTree = "<group>"; };
		EAA851CC1CD6AEE600A44500 /* VLCMediaListPlayer.h */ = {isa = PBXFileReference; fileEncoding = 4; lastKnownFileType = sourcecode.c.h; path = VLCMediaListPlayer.h; sourceTree = "<group>"; };
		EAA851CD1CD6AEE600A44500 /* VLCMediaPlayer.h */ = {isa = PBXFileReference; fileEncoding = 4; lastKnownFileType = sourcecode.c.h; path = VLCMediaPlayer.h; sourceTree = "<group>"; };
		EAA851CE1CD6AEE600A44500 /* VLCMediaThumbnailer.h */ = {isa = PBXFileReference; fileEncoding = 4; lastKnownFileType = sourcecode.c.h; path = VLCMediaThumbnailer.h; sourceTree = "<group>"; };
		EAA851CF1CD6AEE600A44500 /* VLCTime.h */ = {isa = PBXFileReference; fileEncoding = 4; lastKnownFileType = sourcecode.c.h; path = VLCTime.h; sourceTree = "<group>"; };
		EAA851D01CD6B1B700A44500 /* libiconv.tbd */ = {isa = PBXFileReference; lastKnownFileType = "sourcecode.text-based-dylib-definition"; name = libiconv.tbd; path = usr/lib/libiconv.tbd; sourceTree = SDKROOT; };
		EAA851D51CD6B7AF00A44500 /* SMBDriver-Bridging-Header.h */ = {isa = PBXFileReference; lastKnownFileType = sourcecode.c.h; path = "SMBDriver-Bridging-Header.h"; sourceTree = "<group>"; };
		EAA851D61CD6B7AF00A44500 /* SwiftExample.swift */ = {isa = PBXFileReference; fileEncoding = 4; lastKnownFileType = sourcecode.swift; path = SwiftExample.swift; sourceTree = "<group>"; };
		EAA851DB1CD81EB600A44500 /* libTVVLCKit.a */ = {isa = PBXFileReference; lastKnownFileType = archive.ar; path = libTVVLCKit.a; sourceTree = "<group>"; };
		EAA851DD1CD81EB600A44500 /* libTVVLCKit.a */ = {isa = PBXFileReference; lastKnownFileType = archive.ar; path = libTVVLCKit.a; sourceTree = "<group>"; };
		EAA851F21CD81EFB00A44500 /* SMBDriver copy-Info.plist */ = {isa = PBXFileReference; lastKnownFileType = text.plist.xml; name = "SMBDriver copy-Info.plist"; path = "/Users/ShayBC/Dropbox/dev/Work/SMBDriver/SMBDriver copy-Info.plist"; sourceTree = "<absolute>"; };
/* End PBXFileReference section */

/* Begin PBXFrameworksBuildPhase section */
		EAA851951CD6A14E00A44500 /* Frameworks */ = {
			isa = PBXFrameworksBuildPhase;
			buildActionMask = 2147483647;
			files = (
				EAA851D11CD6B1B700A44500 /* libiconv.tbd in Frameworks */,
				EAA851F31CD8201700A44500 /* libTVVLCKit.a in Frameworks */,
			);
			runOnlyForDeploymentPostprocessing = 0;
		};
/* End PBXFrameworksBuildPhase section */

/* Begin PBXGroup section */
		EAA8518F1CD6A14D00A44500 = {
			isa = PBXGroup;
			children = (
				EAA851BD1CD6A1D700A44500 /* smb */,
				EAA8519A1CD6A14E00A44500 /* SMBDriver */,
				EAA851AF1CD6A1D700A44500 /* libs */,
				EAA851C11CD6AECE00A44500 /* frameworks */,
				EAA851991CD6A14E00A44500 /* Products */,
				EAA851F21CD81EFB00A44500 /* SMBDriver copy-Info.plist */,
			);
			sourceTree = "<group>";
		};
		EAA851991CD6A14E00A44500 /* Products */ = {
			isa = PBXGroup;
			children = (
				EAA851981CD6A14E00A44500 /* SMBDriver.app */,
			);
			name = Products;
			sourceTree = "<group>";
		};
		EAA8519A1CD6A14E00A44500 /* SMBDriver */ = {
			isa = PBXGroup;
			children = (
				EAA8519E1CD6A14E00A44500 /* AppDelegate.h */,
				EAA8519F1CD6A14E00A44500 /* AppDelegate.m */,
				EAA851A11CD6A14E00A44500 /* ViewController.h */,
				EAA851A21CD6A14E00A44500 /* ViewController.m */,
				EAA851A41CD6A14E00A44500 /* Main.storyboard */,
				EAA851A71CD6A14E00A44500 /* Assets.xcassets */,
				EAA851A91CD6A14E00A44500 /* Info.plist */,
				EAA8519B1CD6A14E00A44500 /* Supporting Files */,
				EAA851D61CD6B7AF00A44500 /* SwiftExample.swift */,
				EAA851D51CD6B7AF00A44500 /* SMBDriver-Bridging-Header.h */,
			);
			path = SMBDriver;
			sourceTree = "<group>";
		};
		EAA8519B1CD6A14E00A44500 /* Supporting Files */ = {
			isa = PBXGroup;
			children = (
				EAA8519C1CD6A14E00A44500 /* main.m */,
			);
			name = "Supporting Files";
			sourceTree = "<group>";
		};
		EAA851AF1CD6A1D700A44500 /* libs */ = {
			isa = PBXGroup;
			children = (
				EAA851C41CD6AEE600A44500 /* TVVLCKit */,
				EAA851B01CD6A1D700A44500 /* bdsm */,
				EAA851BB1CD6A1D700A44500 /* libtasn1 */,
			);
			name = libs;
			path = SMBDriver/libs;
			sourceTree = "<group>";
		};
		EAA851B01CD6A1D700A44500 /* bdsm */ = {
			isa = PBXGroup;
			children = (
				EAA851B11CD6A1D700A44500 /* bdsm.h */,
				EAA851B21CD6A1D700A44500 /* netbios_defs.h */,
				EAA851B31CD6A1D700A44500 /* netbios_ns.h */,
				EAA851B41CD6A1D700A44500 /* smb_defs.h */,
				EAA851B51CD6A1D700A44500 /* smb_dir.h */,
				EAA851B61CD6A1D700A44500 /* smb_file.h */,
				EAA851B71CD6A1D700A44500 /* smb_session.h */,
				EAA851B81CD6A1D700A44500 /* smb_share.h */,
				EAA851B91CD6A1D700A44500 /* smb_stat.h */,
				EAA851BA1CD6A1D700A44500 /* smb_types.h */,
			);
			path = bdsm;
			sourceTree = "<group>";
		};
		EAA851BB1CD6A1D700A44500 /* libtasn1 */ = {
			isa = PBXGroup;
			children = (
				EAA851BC1CD6A1D700A44500 /* libtasn1.h */,
			);
			path = libtasn1;
			sourceTree = "<group>";
		};
		EAA851BD1CD6A1D700A44500 /* smb */ = {
			isa = PBXGroup;
			children = (
				EAA851BE1CD6A1D700A44500 /* SMBDriver.h */,
				EAA851BF1CD6A1D700A44500 /* SMBDriver.m */,
			);
			name = smb;
			path = SMBDriver/smb;
			sourceTree = "<group>";
		};
		EAA851C11CD6AECE00A44500 /* frameworks */ = {
			isa = PBXGroup;
			children = (
				EAA851DA1CD81EB600A44500 /* simulator */,
				EAA851DC1CD81EB600A44500 /* appletv */,
				EAA851D01CD6B1B700A44500 /* libiconv.tbd */,
			);
			name = frameworks;
			path = SMBDriver/frameworks;
			sourceTree = "<group>";
		};
		EAA851C41CD6AEE600A44500 /* TVVLCKit */ = {
			isa = PBXGroup;
			children = (
				EAA851C51CD6AEE600A44500 /* TVVLCKit.h */,
				EAA851C61CD6AEE600A44500 /* VLCAudio.h */,
				EAA851C71CD6AEE600A44500 /* VLCDialogProvider.h */,
				EAA851C81CD6AEE600A44500 /* VLCLibrary.h */,
				EAA851C91CD6AEE600A44500 /* VLCMedia.h */,
				EAA851CA1CD6AEE600A44500 /* VLCMediaDiscoverer.h */,
				EAA851CB1CD6AEE600A44500 /* VLCMediaList.h */,
				EAA851CC1CD6AEE600A44500 /* VLCMediaListPlayer.h */,
				EAA851CD1CD6AEE600A44500 /* VLCMediaPlayer.h */,
				EAA851CE1CD6AEE600A44500 /* VLCMediaThumbnailer.h */,
				EAA851CF1CD6AEE600A44500 /* VLCTime.h */,
			);
			path = TVVLCKit;
			sourceTree = "<group>";
		};
		EAA851DA1CD81EB600A44500 /* simulator */ = {
			isa = PBXGroup;
			children = (
				EAA851DB1CD81EB600A44500 /* libTVVLCKit.a */,
			);
			path = simulator;
			sourceTree = "<group>";
		};
		EAA851DC1CD81EB600A44500 /* appletv */ = {
			isa = PBXGroup;
			children = (
				EAA851DD1CD81EB600A44500 /* libTVVLCKit.a */,
			);
			path = appletv;
			sourceTree = "<group>";
		};
/* End PBXGroup section */

/* Begin PBXNativeTarget section */
		EAA851971CD6A14E00A44500 /* SMBDriver */ = {
			isa = PBXNativeTarget;
			buildConfigurationList = EAA851AC1CD6A14E00A44500 /* Build configuration list for PBXNativeTarget "SMBDriver" */;
			buildPhases = (
				EAA851941CD6A14E00A44500 /* Sources */,
				EAA851951CD6A14E00A44500 /* Frameworks */,
				EAA851961CD6A14E00A44500 /* Resources */,
			);
			buildRules = (
			);
			dependencies = (
			);
			name = SMBDriver;
			productName = SMBDriver;
			productReference = EAA851981CD6A14E00A44500 /* SMBDriver.app */;
			productType = "com.apple.product-type.application";
		};
/* End PBXNativeTarget section */

/* Begin PBXProject section */
		EAA851901CD6A14D00A44500 /* Project object */ = {
			isa = PBXProject;
			attributes = {
				LastUpgradeCheck = 0730;
				ORGANIZATIONNAME = Obyect;
				TargetAttributes = {
					EAA851971CD6A14E00A44500 = {
						CreatedOnToolsVersion = 7.3;
					};
				};
			};
			buildConfigurationList = EAA851931CD6A14E00A44500 /* Build configuration list for PBXProject "SMBDriver" */;
			compatibilityVersion = "Xcode 3.2";
			developmentRegion = English;
			hasScannedForEncodings = 0;
			knownRegions = (
				en,
				Base,
			);
			mainGroup = EAA8518F1CD6A14D00A44500;
			productRefGroup = EAA851991CD6A14E00A44500 /* Products */;
			projectDirPath = "";
			projectRoot = "";
			targets = (
				EAA851971CD6A14E00A44500 /* SMBDriver */,
			);
		};
/* End PBXProject section */

/* Begin PBXResourcesBuildPhase section */
		EAA851961CD6A14E00A44500 /* Resources */ = {
			isa = PBXResourcesBuildPhase;
			buildActionMask = 2147483647;
			files = (
				EAA851A81CD6A14E00A44500 /* Assets.xcassets in Resources */,
				EAA851A61CD6A14E00A44500 /* Main.storyboard in Resources */,
			);
			runOnlyForDeploymentPostprocessing = 0;
		};
/* End PBXResourcesBuildPhase section */

/* Begin PBXSourcesBuildPhase section */
		EAA851941CD6A14E00A44500 /* Sources */ = {
			isa = PBXSourcesBuildPhase;
			buildActionMask = 2147483647;
			files = (
				EAA851C01CD6A1D700A44500 /* SMBDriver.m in Sources */,
				EAA851A31CD6A14E00A44500 /* ViewController.m in Sources */,
				EAA851A01CD6A14E00A44500 /* AppDelegate.m in Sources */,
				EAA851D71CD6B7AF00A44500 /* SwiftExample.swift in Sources */,
				EAA8519D1CD6A14E00A44500 /* main.m in Sources */,
			);
			runOnlyForDeploymentPostprocessing = 0;
		};
/* End PBXSourcesBuildPhase section */

/* Begin PBXVariantGroup section */
		EAA851A41CD6A14E00A44500 /* Main.storyboard */ = {
			isa = PBXVariantGroup;
			children = (
				EAA851A51CD6A14E00A44500 /* Base */,
			);
			name = Main.storyboard;
			sourceTree = "<group>";
		};
/* End PBXVariantGroup section */

/* Begin XCBuildConfiguration section */
		EAA851AA1CD6A14E00A44500 /* Debug */ = {
			isa = XCBuildConfiguration;
			buildSettings = {
				ALWAYS_SEARCH_USER_PATHS = NO;
				CLANG_ANALYZER_NONNULL = YES;
				CLANG_CXX_LANGUAGE_STANDARD = "gnu++0x";
				CLANG_CXX_LIBRARY = "libc++";
				CLANG_ENABLE_MODULES = YES;
				CLANG_ENABLE_OBJC_ARC = YES;
				CLANG_WARN_BOOL_CONVERSION = YES;
				CLANG_WARN_CONSTANT_CONVERSION = YES;
				CLANG_WARN_DIRECT_OBJC_ISA_USAGE = YES_ERROR;
				CLANG_WARN_EMPTY_BODY = YES;
				CLANG_WARN_ENUM_CONVERSION = YES;
				CLANG_WARN_INT_CONVERSION = YES;
				CLANG_WARN_OBJC_ROOT_CLASS = YES_ERROR;
				CLANG_WARN_UNREACHABLE_CODE = YES;
				CLANG_WARN__DUPLICATE_METHOD_MATCH = YES;
				COPY_PHASE_STRIP = NO;
				DEBUG_INFORMATION_FORMAT = dwarf;
				ENABLE_STRICT_OBJC_MSGSEND = YES;
				ENABLE_TESTABILITY = YES;
				GCC_C_LANGUAGE_STANDARD = gnu99;
				GCC_DYNAMIC_NO_PIC = NO;
				GCC_NO_COMMON_BLOCKS = YES;
				GCC_OPTIMIZATION_LEVEL = 0;
				GCC_PREPROCESSOR_DEFINITIONS = (
					"DEBUG=1",
					"$(inherited)",
				);
				GCC_WARN_64_TO_32_BIT_CONVERSION = YES;
				GCC_WARN_ABOUT_RETURN_TYPE = YES_ERROR;
				GCC_WARN_UNDECLARED_SELECTOR = YES;
				GCC_WARN_UNINITIALIZED_AUTOS = YES_AGGRESSIVE;
				GCC_WARN_UNUSED_FUNCTION = YES;
				GCC_WARN_UNUSED_VARIABLE = YES;
				MTL_ENABLE_DEBUG_INFO = YES;
				ONLY_ACTIVE_ARCH = YES;
				SDKROOT = appletvos;
				TARGETED_DEVICE_FAMILY = 3;
				TVOS_DEPLOYMENT_TARGET = 9.2;
			};
			name = Debug;
		};
		EAA851AB1CD6A14E00A44500 /* Release */ = {
			isa = XCBuildConfiguration;
			buildSettings = {
				ALWAYS_SEARCH_USER_PATHS = NO;
				CLANG_ANALYZER_NONNULL = YES;
				CLANG_CXX_LANGUAGE_STANDARD = "gnu++0x";
				CLANG_CXX_LIBRARY = "libc++";
				CLANG_ENABLE_MODULES = YES;
				CLANG_ENABLE_OBJC_ARC = YES;
				CLANG_WARN_BOOL_CONVERSION = YES;
				CLANG_WARN_CONSTANT_CONVERSION = YES;
				CLANG_WARN_DIRECT_OBJC_ISA_USAGE = YES_ERROR;
				CLANG_WARN_EMPTY_BODY = YES;
				CLANG_WARN_ENUM_CONVERSION = YES;
				CLANG_WARN_INT_CONVERSION = YES;
				CLANG_WARN_OBJC_ROOT_CLASS = YES_ERROR;
				CLANG_WARN_UNREACHABLE_CODE = YES;
				CLANG_WARN__DUPLICATE_METHOD_MATCH = YES;
				COPY_PHASE_STRIP = NO;
				DEBUG_INFORMATION_FORMAT = "dwarf-with-dsym";
				ENABLE_NS_ASSERTIONS = NO;
				ENABLE_STRICT_OBJC_MSGSEND = YES;
				GCC_C_LANGUAGE_STANDARD = gnu99;
				GCC_NO_COMMON_BLOCKS = YES;
				GCC_WARN_64_TO_32_BIT_CONVERSION = YES;
				GCC_WARN_ABOUT_RETURN_TYPE = YES_ERROR;
				GCC_WARN_UNDECLARED_SELECTOR = YES;
				GCC_WARN_UNINITIALIZED_AUTOS = YES_AGGRESSIVE;
				GCC_WARN_UNUSED_FUNCTION = YES;
				GCC_WARN_UNUSED_VARIABLE = YES;
				MTL_ENABLE_DEBUG_INFO = NO;
				SDKROOT = appletvos;
				TARGETED_DEVICE_FAMILY = 3;
				TVOS_DEPLOYMENT_TARGET = 9.2;
				VALIDATE_PRODUCT = YES;
			};
			name = Release;
		};
		EAA851AD1CD6A14E00A44500 /* Debug */ = {
			isa = XCBuildConfiguration;
			buildSettings = {
				ASSETCATALOG_COMPILER_APPICON_NAME = "App Icon & Top Shelf Image";
				ASSETCATALOG_COMPILER_LAUNCHIMAGE_NAME = LaunchImage;
				CLANG_ENABLE_MODULES = YES;
				HEADER_SEARCH_PATHS = (
					"$(PROJECT_DIR)/SMBDriver/libs",
					"$(PROJECT_DIR)/SMBDriver",
				);
				INFOPLIST_FILE = SMBDriver/Info.plist;
				LD_RUNPATH_SEARCH_PATHS = "$(inherited) @executable_path/Frameworks";
				LIBRARY_SEARCH_PATHS = (
					"$(inherited)",
					"$(PROJECT_DIR)/SMBDriver/frameworks/simulator",
					"$(PROJECT_DIR)/SMBDriver/frameworks/appletv",
				);
				PRODUCT_BUNDLE_IDENTIFIER = com.obyect.SMBDriver;
				PRODUCT_NAME = "$(TARGET_NAME)";
				SWIFT_OBJC_BRIDGING_HEADER = "SMBDriver/SMBDriver-Bridging-Header.h";
				SWIFT_OPTIMIZATION_LEVEL = "-Onone";
			};
			name = Debug;
		};
		EAA851AE1CD6A14E00A44500 /* Release */ = {
			isa = XCBuildConfiguration;
			buildSettings = {
				ASSETCATALOG_COMPILER_APPICON_NAME = "App Icon & Top Shelf Image";
				ASSETCATALOG_COMPILER_LAUNCHIMAGE_NAME = LaunchImage;
				CLANG_ENABLE_MODULES = YES;
				HEADER_SEARCH_PATHS = (
					"$(PROJECT_DIR)/SMBDriver/libs",
					"$(PROJECT_DIR)/SMBDriver",
				);
				INFOPLIST_FILE = SMBDriver/Info.plist;
				LD_RUNPATH_SEARCH_PATHS = "$(inherited) @executable_path/Frameworks";
				LIBRARY_SEARCH_PATHS = (
					"$(inherited)",
					"$(PROJECT_DIR)/SMBDriver/frameworks/simulator",
					"$(PROJECT_DIR)/SMBDriver/frameworks/appletv",
				);
				PRODUCT_BUNDLE_IDENTIFIER = com.obyect.SMBDriver;
				PRODUCT_NAME = "$(TARGET_NAME)";
				SWIFT_OBJC_BRIDGING_HEADER = "SMBDriver/SMBDriver-Bridging-Header.h";
			};
			name = Release;
		};
/* End XCBuildConfiguration section */

/* Begin XCConfigurationList section */
		EAA851931CD6A14E00A44500 /* Build configuration list for PBXProject "SMBDriver" */ = {
			isa = XCConfigurationList;
			buildConfigurations = (
				EAA851AA1CD6A14E00A44500 /* Debug */,
				EAA851AB1CD6A14E00A44500 /* Release */,
			);
			defaultConfigurationIsVisible = 0;
			defaultConfigurationName = Release;
		};
		EAA851AC1CD6A14E00A44500 /* Build configuration list for PBXNativeTarget "SMBDriver" */ = {
			isa = XCConfigurationList;
			buildConfigurations = (
				EAA851AD1CD6A14E00A44500 /* Debug */,
				EAA851AE1CD6A14E00A44500 /* Release */,
			);
			defaultConfigurationIsVisible = 0;
			defaultConfigurationName = Release;
		};
/* End XCConfigurationList section */
	};
	rootObject = EAA851901CD6A14D00A44500 /* Project object */;
}
